
Microsoft Visual Studio Solution File, Format Version 12.00
# Visual Studio 15
VisualStudioVersion = 15.0.27130.2003
MinimumVisualStudioVersion = 10.0.40219.1
Project("{FAE04EC0-301F-11D3-BF4B-00C04F79EFBC}") = "KARPO", "KARPO\KARPO.csproj", "{5EDD230B-3A87-4547-81C5-B25630166ADE}"
EndProject
Global
	GlobalSection(SolutionConfigurationPlatforms) = preSolution
		Debug|Any CPU = Debug|Any CPU
		Release|Any CPU = Release|Any CPU
	EndGlobalSection
	GlobalSection(ProjectConfigurationPlatforms) = postSolution
		{5EDD230B-3A87-4547-81C5-B25630166ADE}.Debug|Any CPU.ActiveCfg = Debug|Any CPU
		{5EDD230B-3A87-4547-81C5-B25630166ADE}.Debug|Any CPU.Build.0 = Debug|Any CPU
		{5EDD230B-3A87-4547-81C5-B25630166ADE}.Release|Any CPU.ActiveCfg = Release|Any CPU
		{5EDD230B-3A87-4547-81C5-B25630166ADE}.Release|Any CPU.Build.0 = Release|Any CPU
	EndGlobalSection
	GlobalSection(SolutionProperties) = preSolution
		HideSolutionNode = FALSE
	EndGlobalSection
	GlobalSection(ExtensibilityGlobals) = postSolution
		SolutionGuid = {84FC41F4-A531-49FC-83DC-9C097B627DDF}
	EndGlobalSection
EndGlobal
